
Microsoft Visual Studio Solution File, Format Version 12.00
# Visual Studio Version 17
VisualStudioVersion = 17.14.37516.0 d17.14
MinimumVisualStudioVersion = 10.0.40219.1
Project("{FAE04EC0-301F-11D3-BF4B-00C04F79EFBC}") = "CSS_Programs", "CSS_Programs.csproj", "{CD0ACD11-B0A1-42E3-9C8E-5B69210A50D7}"
EndProject
Global
	GlobalSection(SolutionConfigurationPlatforms) = preSolution
		Debug|Any CPU = Debug|Any CPU
		Release|Any CPU = Release|Any CPU
	EndGlobalSection
	GlobalSection(ProjectConfigurationPlatforms) = postSolution
		{CD0ACD11-B0A1-42E3-9C8E-5B69210A50D7}.Debug|Any CPU.ActiveCfg = Debug|Any CPU
		{CD0ACD11-B0A1-42E3-9C8E-5B69210A50D7}.Debug|Any CPU.Build.0 = Debug|Any CPU
		{CD0ACD11-B0A1-42E3-9C8E-5B69210A50D7}.Release|Any CPU.ActiveCfg = Release|Any CPU
		{CD0ACD11-B0A1-42E3-9C8E-5B69210A50D7}.Release|Any CPU.Build.0 = Release|Any CPU
	EndGlobalSection
	GlobalSection(SolutionProperties) = preSolution
		HideSolutionNode = FALSE
	EndGlobalSection
	GlobalSection(ExtensibilityGlobals) = postSolution
		SolutionGuid = {488543C4-F145-44A4-8A67-163B4737AF40}
	EndGlobalSection
EndGlobal
